
Microsoft Visual Studio Solution File, Format Version 12.00
# Visual Studio 2015
Project("{FAE04EC0-301F-11D3-BF4B-00C04F79EFBC}") = "Absorbed_Active.CSharp", "Absorbed_Active.CSharp.csproj", "{2D7BE915-466B-5E97-A6A4-DB0B0C2E7AE4}"
EndProject
Project("{FAE04EC0-301F-11D3-BF4B-00C04F79EFBC}") = "Absorbed_Active.CSharp.Editor", "Absorbed_Active.CSharp.Editor.csproj", "{096EE7F6-0402-02FF-4E84-E01BBEC37D45}"
EndProject
Global
	GlobalSection(SolutionConfigurationPlatforms) = preSolution
		Debug|Any CPU = Debug|Any CPU
		Release|Any CPU = Release|Any CPU
	EndGlobalSection
	GlobalSection(ProjectConfigurationPlatforms) = postSolution
		{2D7BE915-466B-5E97-A6A4-DB0B0C2E7AE4}.Debug|Any CPU.ActiveCfg = Debug|Any CPU
		{2D7BE915-466B-5E97-A6A4-DB0B0C2E7AE4}.Debug|Any CPU.Build.0 = Debug|Any CPU
		{2D7BE915-466B-5E97-A6A4-DB0B0C2E7AE4}.Release|Any CPU.ActiveCfg = Release|Any CPU
		{2D7BE915-466B-5E97-A6A4-DB0B0C2E7AE4}.Release|Any CPU.Build.0 = Release|Any CPU
		{096EE7F6-0402-02FF-4E84-E01BBEC37D45}.Debug|Any CPU.ActiveCfg = Debug|Any CPU
		{096EE7F6-0402-02FF-4E84-E01BBEC37D45}.Debug|Any CPU.Build.0 = Debug|Any CPU
		{096EE7F6-0402-02FF-4E84-E01BBEC37D45}.Release|Any CPU.ActiveCfg = Release|Any CPU
		{096EE7F6-0402-02FF-4E84-E01BBEC37D45}.Release|Any CPU.Build.0 = Release|Any CPU
	EndGlobalSection
	GlobalSection(SolutionProperties) = preSolution
		HideSolutionNode = FALSE
	EndGlobalSection
EndGlobal
