
Microsoft Visual Studio Solution File, Format Version 12.00
# Visual Studio 2015
Project("{FAE04EC0-301F-11D3-BF4B-00C04F79EFBC}") = "Absorbed_Prototype-master.CSharp", "Absorbed_Prototype-master.CSharp.csproj", "{411B98C0-1B85-8BDF-10DB-312C72524AB6}"
EndProject
Project("{FAE04EC0-301F-11D3-BF4B-00C04F79EFBC}") = "Absorbed_Prototype-master.CSharp.Editor", "Absorbed_Prototype-master.CSharp.Editor.csproj", "{47BF3621-C54A-2572-58B2-411AE48809B4}"
EndProject
Global
	GlobalSection(SolutionConfigurationPlatforms) = preSolution
		Debug|Any CPU = Debug|Any CPU
		Release|Any CPU = Release|Any CPU
	EndGlobalSection
	GlobalSection(ProjectConfigurationPlatforms) = postSolution
		{411B98C0-1B85-8BDF-10DB-312C72524AB6}.Debug|Any CPU.ActiveCfg = Debug|Any CPU
		{411B98C0-1B85-8BDF-10DB-312C72524AB6}.Debug|Any CPU.Build.0 = Debug|Any CPU
		{411B98C0-1B85-8BDF-10DB-312C72524AB6}.Release|Any CPU.ActiveCfg = Release|Any CPU
		{411B98C0-1B85-8BDF-10DB-312C72524AB6}.Release|Any CPU.Build.0 = Release|Any CPU
		{47BF3621-C54A-2572-58B2-411AE48809B4}.Debug|Any CPU.ActiveCfg = Debug|Any CPU
		{47BF3621-C54A-2572-58B2-411AE48809B4}.Debug|Any CPU.Build.0 = Debug|Any CPU
		{47BF3621-C54A-2572-58B2-411AE48809B4}.Release|Any CPU.ActiveCfg = Release|Any CPU
		{47BF3621-C54A-2572-58B2-411AE48809B4}.Release|Any CPU.Build.0 = Release|Any CPU
	EndGlobalSection
	GlobalSection(SolutionProperties) = preSolution
		HideSolutionNode = FALSE
	EndGlobalSection
EndGlobal
